
Microsoft Visual Studio Solution File, Format Version 12.00
# Visual Studio 15
VisualStudioVersion = 15.0.27130.2003
MinimumVisualStudioVersion = 10.0.40219.1
Project("{FAE04EC0-301F-11D3-BF4B-00C04F79EFBC}") = "AspWebApiCoreExceptionHandling", "AspWebApiCoreExceptionHandling\AspWebApiCoreExceptionHandling.csproj", "{82E67602-C4FE-42EF-96E7-8D956AA1FAFF}"
EndProject
Global
	GlobalSection(SolutionConfigurationPlatforms) = preSolution
		Debug|Any CPU = Debug|Any CPU
		Release|Any CPU = Release|Any CPU
	EndGlobalSection
	GlobalSection(ProjectConfigurationPlatforms) = postSolution
		{82E67602-C4FE-42EF-96E7-8D956AA1FAFF}.Debug|Any CPU.ActiveCfg = Debug|Any CPU
		{82E67602-C4FE-42EF-96E7-8D956AA1FAFF}.Debug|Any CPU.Build.0 = Debug|Any CPU
		{82E67602-C4FE-42EF-96E7-8D956AA1FAFF}.Release|Any CPU.ActiveCfg = Release|Any CPU
		{82E67602-C4FE-42EF-96E7-8D956AA1FAFF}.Release|Any CPU.Build.0 = Release|Any CPU
	EndGlobalSection
	GlobalSection(SolutionProperties) = preSolution
		HideSolutionNode = FALSE
	EndGlobalSection
	GlobalSection(ExtensibilityGlobals) = postSolution
		SolutionGuid = {94DB6680-051E-485B-AF1B-D015846E82B7}
	EndGlobalSection
EndGlobal
